
Microsoft Visual Studio Solution File, Format Version 12.00
# Visual Studio Version 17
VisualStudioVersion = 17.14.36221.1
MinimumVisualStudioVersion = 10.0.40219.1
Project("{FAE04EC0-301F-11D3-BF4B-00C04F79EFBC}") = "Contact.Management.API", "Contact.Management.API\Contact.Management.API.csproj", "{73EB90D9-A007-49E3-82A9-1F4447CB49C7}"
EndProject
Project("{FAE04EC0-301F-11D3-BF4B-00C04F79EFBC}") = "Contact.Management.Application", "Contact.Management.Application\Contact.Management.Application.csproj", "{CABC65F7-6E6B-4BB4-ADD8-8770D74E227D}"
EndProject
Project("{FAE04EC0-301F-11D3-BF4B-00C04F79EFBC}") = "Contact.Management.Core", "Contact.Management.Core\Contact.Management.Core.csproj", "{3EC2B2C5-4A6F-460B-A824-B5972CB8FCC4}"
EndProject
Project("{FAE04EC0-301F-11D3-BF4B-00C04F79EFBC}") = "Contact.Management.Infrastructure", "Contact.Management.Infrastructure\Contact.Management.Infrastructure.csproj", "{AC9AA74E-6122-4137-A637-CF0B20823F67}"
EndProject
Project("{FAE04EC0-301F-11D3-BF4B-00C04F79EFBC}") = "Contact.Management.Shared", "Contact.Management.Shared\Contact.Management.Shared.csproj", "{5F94292A-2A94-47F7-84BF-97745430B4E9}"
EndProject
Global
	GlobalSection(SolutionConfigurationPlatforms) = preSolution
		Debug|Any CPU = Debug|Any CPU
		Release|Any CPU = Release|Any CPU
	EndGlobalSection
	GlobalSection(ProjectConfigurationPlatforms) = postSolution
		{73EB90D9-A007-49E3-82A9-1F4447CB49C7}.Debug|Any CPU.ActiveCfg = Debug|Any CPU
		{73EB90D9-A007-49E3-82A9-1F4447CB49C7}.Debug|Any CPU.Build.0 = Debug|Any CPU
		{73EB90D9-A007-49E3-82A9-1F4447CB49C7}.Release|Any CPU.ActiveCfg = Release|Any CPU
		{73EB90D9-A007-49E3-82A9-1F4447CB49C7}.Release|Any CPU.Build.0 = Release|Any CPU
		{CABC65F7-6E6B-4BB4-ADD8-8770D74E227D}.Debug|Any CPU.ActiveCfg = Debug|Any CPU
		{CABC65F7-6E6B-4BB4-ADD8-8770D74E227D}.Debug|Any CPU.Build.0 = Debug|Any CPU
		{CABC65F7-6E6B-4BB4-ADD8-8770D74E227D}.Release|Any CPU.ActiveCfg = Release|Any CPU
		{CABC65F7-6E6B-4BB4-ADD8-8770D74E227D}.Release|Any CPU.Build.0 = Release|Any CPU
		{3EC2B2C5-4A6F-460B-A824-B5972CB8FCC4}.Debug|Any CPU.ActiveCfg = Debug|Any CPU
		{3EC2B2C5-4A6F-460B-A824-B5972CB8FCC4}.Debug|Any CPU.Build.0 = Debug|Any CPU
		{3EC2B2C5-4A6F-460B-A824-B5972CB8FCC4}.Release|Any CPU.ActiveCfg = Release|Any CPU
		{3EC2B2C5-4A6F-460B-A824-B5972CB8FCC4}.Release|Any CPU.Build.0 = Release|Any CPU
		{AC9AA74E-6122-4137-A637-CF0B20823F67}.Debug|Any CPU.ActiveCfg = Debug|Any CPU
		{AC9AA74E-6122-4137-A637-CF0B20823F67}.Debug|Any CPU.Build.0 = Debug|Any CPU
		{AC9AA74E-6122-4137-A637-CF0B20823F67}.Release|Any CPU.ActiveCfg = Release|Any CPU
		{AC9AA74E-6122-4137-A637-CF0B20823F67}.Release|Any CPU.Build.0 = Release|Any CPU
		{5F94292A-2A94-47F7-84BF-97745430B4E9}.Debug|Any CPU.ActiveCfg = Debug|Any CPU
		{5F94292A-2A94-47F7-84BF-97745430B4E9}.Debug|Any CPU.Build.0 = Debug|Any CPU
		{5F94292A-2A94-47F7-84BF-97745430B4E9}.Release|Any CPU.ActiveCfg = Release|Any CPU
		{5F94292A-2A94-47F7-84BF-97745430B4E9}.Release|Any CPU.Build.0 = Release|Any CPU
	EndGlobalSection
	GlobalSection(SolutionProperties) = preSolution
		HideSolutionNode = FALSE
	EndGlobalSection
	GlobalSection(ExtensibilityGlobals) = postSolution
		SolutionGuid = {737B9D70-61D1-437E-A68D-E7B40C814E8F}
	EndGlobalSection
EndGlobal
